PODS:
  - BmobSDK (2.4.1)
  - JCore (2.1.8)
  - JPush (3.2.8):
    - JCore (< 3.0.0, >= 2.0.0)
  - Masonry (1.1.0)
  - SSZipArchive (2.2.2)

DEPENDENCIES:
  - BmobSDK
  - JPush
  - Masonry
  - SSZipArchive

SPEC REPOS:
  trunk:
    - BmobSDK
    - JCore
    - JPush
    - Masonry
    - SSZipArchive

SPEC CHECKSUMS:
  BmobSDK: 930525437e6602f7146108e11a9796604a1edbb9
  JCore: a7f1dead960d77a97717c73ea8b0aa5b33706491
  JPush: 8ce888d6dedfa417e90c8b6bc87405a16ce2e699
  Masonry: 678fab65091a9290e40e2832a55e7ab731aad201
  SSZipArchive: fa16b8cc4cdeceb698e5e5d9f67e9558532fbf23

PODFILE CHECKSUM: cc31bc23f0ae183dc686b3ff782c2b5f8c22cc38

COCOAPODS: 1.8.4
